{
  "version": 4,
  "terraform_version": "1.12.2",
  "serial": 76,
  "lineage": "19329540-a575-1a3e-4494-4b1ffa4dfc78",
  "outputs": {
    "cluster_endpoint": {
      "value": "https://4B0D02EB650EAAA067BA7090DF2F2437.yl4.ap-south-1.eks.amazonaws.com",
      "type": "string"
    },
    "cluster_name": {
      "value": "devops-cluster",
      "type": "string"
    },
    "cluster_security_group_id": {
      "value": "sg-0cd3745fce9d7ab4d",
      "type": "string"
    },
    "private_key_pem": {
      "value": "-----BEGIN RSA PRIVATE KEY-----\nMIIJKQIBAAKCAgEA3I1r/LuMZX9gcncualRhvD7nrHJoAFTs3wFD55PoifC0Kd98\nzqjiMYByWtfT+1Q/R04FOnP6bWvrY4wb4gyq4pRlItq0wEFxvk9YyCMVS00jduka\nZaZM/WDAalYmYtJ2vOVeQY2/ohWUT4IojHZvE9A0do5V6OQSrnTRIQPI3QELQQrg\n0C+SgXu+4Lh4Oner5TeCbRYrhUXyW4uifgMpPPsMZpjF7bBDyR51Cz8xoDrUqHLs\n+4qqGluEyrh544MTc3Af2OUiG7jB32B3kEXFGugrTTGOfTmvTQrAslNRTYXt3unK\n6IdNw9qBeCGT/39sMGmIXN/MSidQMPbFUEiICBIp7xOjTmoxfO2XM2r3nEzBe+Pk\nAhX7LiwCLO3ZyyOQqVWnGknixHDW5/gQj93Z9zPmAnFLF7ZabigZoELgAYSGxcE9\n90fYJOxBxme9xQmwccZPLzk6CKriOhs9MC68sKxfhhjoZ9+6M5ZAgl5dA7kMh0sM\nqX2OfoX1sNOgrRp4zyBtbI7sX0MWZ7aByoS7tfZJRjBXONDYUHLDeJxphZbe6hCP\n10OSAhGU7SQO6vvImU0UjYXUF4Lfa6aqHdai+NPqwHQUqw4Rn9yIy1C82C++VV1s\nnwFJrZCcqp1aMJZoxoshnYpVAKv9QK6pHx0GgDJERG+oPSaFOkvo2pL3w1sCAwEA\nAQKCAgAEYUSbPMhBfcGXFFnWH73fJKqqKI17MDSSCy7jivLrxl11lWwfmIgBbqkW\nt8GMdLRbAKgm7IW1JZcDn5UwLIs6O7M0eX5scQBGxMGhG91A5RPGuUNecGqH/6Ni\nmTpi7QYRo0Z3a865887Bs3aFr5ZuIMzh69q16M2cLFK44p/bD7m+/W3QhJlWu/Pi\n95bfpl/CChOrgey0VVrGSaQc94gan2u0H+WSXlVCSboOUp90LKbrf3jIWA0fv+CH\nvBkjlQdOXBQt1QMT5NvoyTwmn9QVwDWX71uCjiI2l/eSswfiz72VFzSB4KoBMTYw\nAg6z3L5zyay9F26xrE0x47ywZvhYkz+lM4fJTQivmpbg4vTToWskAvCaL4LUOu6g\nLa/O+eOSyr6mLt5eo+hBKcyq50+crxfX5XNbc2XvU6/5cBYJYmZD5welKgGFa9nP\nwRa8as0xnSW+BxWmsYjSqzxwrfb8QS9agek8F8uCF/ldER9AEj9HG4MfuQXJtZxn\nULqh0etBhoo+J3x5RmdGjazLIUivM28r7S+Xms8HlpaZ0Dl/R+5I+hs6Pg5wPaJT\nzO3KVuAjmR/PapokxD22SM4bgwrEh5T15ZQuH3OHKICH1nvsdS6HD9s1JCraMeAe\n18va4CxIrGMY9oSu5Qk9VS8Y29WfXM6G7+weFj3b/hO7wA+COQKCAQEA7BUCgd1D\n/mnPOlj647nKbl8mGXLRmiSLneqo39LmrCnzdu7Su7DOxwNVRxsxa/BLSmKUQ7yv\n2Y0kA5QoSrICqFWpRhPR+w8FkbaxeXaKx1qdej78qXv4eUVFUoL0XleHku1B2rMb\n2loWEUWVoS4J5SKWQTKWHZFQCVgR/dBNcaUoA+VSY4i2z7iUS1aTK9suHVbOXFtp\nFk+Y8mguh0V9PZu84lmUMY7co0/BHb8b+FPe7Po+Q2aMPLbZDHXmn29IGM2EgFlr\nrQziQ9O0EUIyxigS0OYVvI7WOTvzkXlZZHVlAvq575Lh3cQvDVplQFBxHxpeN08I\ns7Pf6T93+gORKQKCAQEA7yj/OJMH/2csBfUN+d+V1AEVKQfVfU+OPnVRcUM/AZIL\n3KqGZXf7UCdaCDn51tCYAWgXebnlG5IKMT9SY3t/58R5wWAy8MszvKYbV87AAU4s\nvkYOy/6fjHvF3Eb8fyCRnCEwnqPW4fNEE0xZUW4TyswShKSgYJO08s7PGRgoeeZZ\njhIlCoQPvYLQLtAvK0ezZG4FR9V/M3nJxVwYc35p02XQKiO0No/sFF3exWJX+s46\n3VFgY6hhyzpFMvWzyw/51UbW8N08gEN3EzZA2Kdn7JbmhJrL3+yh5L2DO7wfebah\n0V4wr8apVbhbZ/wBxJ6dAUk5brljMQiUINKHUmMs4wKCAQB0VO4FXCjzJuSMlegb\nayPLO2ukwqVyVWvPByDsGhq833cvNgP1pOxfuM6+2TGDRMd1AhqZPlNQ2nHSqaEp\nHYqdtIhTFdU053QRF3tgpP9BuO88m+kZAxOvfmjofcs46dzOk8cNo5CoChgxrp5K\n7ErH9EEiI3FBZKeR0yoabhibVYzgTpJIpcefmA7LCQBAbiLNJkdNz2V7LwHpAVlc\nIuvR/foXd5jEyucCOnyo0dFQjtOc5rrjr5aPHHLb5wUbr1RRlIQkUuvyPBUK4zkp\n//rRFlIfSiGP5rq9PUOKfceE7yw1SaNx4GkYRGIDLHYUOQ9lCjM/Ad0B4DMH1tSi\nCDvxAoIBAQC9BQT6XNLEXHGh37WFGN5dKeHkhOmJ2dfNq4GL6B8jCZ/QbwI7riF1\njzSMLe41hrWs3u026uKV8M2XcLmYIOLNdi7Y1EROpfulDQ+tTZ3ZKkUYuVw2hG7r\nZGPUHlKv0zjiUiUQLOPHvzG9oukw/7Qq4zF7nnWW/wbTpPpvlfVfqtx6+gJGlmuu\nV3ZcmXO+XDP/mykXRjj7oTUEhC5bEb1oNB7bP07OlN98lVhdXsW0V0yU4R0yhsGM\nEujgRussAdtuYke9JM4NfcTd7VJBKcZsajOU+JdLysWFePcAvkWON/ca97u5IWVy\nd3ve6oEnOklS2+HFjkZEWchhTKNhTTsLAoIBAQDplTkTxT/ghofqx0LJkAYc8DyP\nEudLfT9hXe88be657pQhGZ1kvJjcBmv2dmwSAbbCJY2cOGjzKIAcjZ0bNynCQ7i6\nffu123S9x64y+PXbRBm8KvpgorhT4DrqegBZwg7yKIWS1alT+A/ZUTLY/kbYCDZV\nCgxplR1Rkb4goQkt89BneIwsK1fiSEqaMoa0G71dE2oTHJ/VaAcaS5JY3T3QFdZT\nnXwxatSG05ZWSj41qSphUfbCVn+BPThhEIyHEh6WV7m0QyRwz+tcpNIoSt06LpGL\nq1WIATxXMnUwW66NS616J9iRQ9Ci/OGrjr07Z+r3q/fv4FbuYG6zXl1KwJh7\n-----END RSA PRIVATE KEY-----\n",
      "type": "string",
      "sensitive": true
    }
  },
  "resources": [
    {
      "mode": "data",
      "type": "aws_availability_zones",
      "name": "available",
      "provider": "provider[\"registry.terraform.io/hashicorp/aws\"]",
      "instances": [
        {
          "schema_version": 0,
          "attributes": {
            "all_availability_zones": null,
            "exclude_names": null,
            "exclude_zone_ids": null,
            "filter": null,
            "group_names": [
              "ap-south-1-zg-1"
            ],
            "id": "ap-south-1",
            "names": [
              "ap-south-1a",
              "ap-south-1b",
              "ap-south-1c"
            ],
            "region": "ap-south-1",
            "state": "available",
            "timeouts": null,
            "zone_ids": [
              "aps1-az1",
              "aps1-az3",
              "aps1-az2"
            ]
          },
          "sensitive_attributes": [],
          "identity_schema_version": 0
        }
      ]
    },
    {
      "mode": "managed",
      "type": "aws_eip",
      "name": "nat",
      "provider": "provider[\"registry.terraform.io/hashicorp/aws\"]",
      "instances": [
        {
          "index_key": 0,
          "schema_version": 0,
          "attributes": {
            "address": null,
            "allocation_id": "eipalloc-0fa4d6538e32c9952",
            "arn": "arn:aws:ec2:ap-south-1:686255954230:elastic-ip/eipalloc-0fa4d6538e32c9952",
            "associate_with_private_ip": null,
            "association_id": "",
            "carrier_ip": "",
            "customer_owned_ip": "",
            "customer_owned_ipv4_pool": "",
            "domain": "vpc",
            "id": "eipalloc-0fa4d6538e32c9952",
            "instance": "",
            "ipam_pool_id": null,
            "network_border_group": "ap-south-1",
            "network_interface": "",
            "private_dns": null,
            "private_ip": "",
            "ptr_record": "",
            "public_dns": "ec2-52-66-34-183.ap-south-1.compute.amazonaws.com",
            "public_ip": "52.66.34.183",
            "public_ipv4_pool": "amazon",
            "region": "ap-south-1",
            "tags": {
              "Name": "devops-nat-eip-1"
            },
            "tags_all": {
              "Name": "devops-nat-eip-1"
            },
            "timeouts": null
          },
          "sensitive_attributes": [],
          "identity_schema_version": 0,
          "private": "eyJlMmJmYjczMC1lY2FhLTExZTYtOGY4OC0zNDM2M2JjN2M0YzAiOnsiZGVsZXRlIjoxODAwMDAwMDAwMDAsInJlYWQiOjkwMDAwMDAwMDAwMCwidXBkYXRlIjozMDAwMDAwMDAwMDB9fQ=="
        },
        {
          "index_key": 1,
          "schema_version": 0,
          "attributes": {
            "address": null,
            "allocation_id": "eipalloc-0a3a57c2b97dae8bd",
            "arn": "arn:aws:ec2:ap-south-1:686255954230:elastic-ip/eipalloc-0a3a57c2b97dae8bd",
            "associate_with_private_ip": null,
            "association_id": "",
            "carrier_ip": "",
            "customer_owned_ip": "",
            "customer_owned_ipv4_pool": "",
            "domain": "vpc",
            "id": "eipalloc-0a3a57c2b97dae8bd",
            "instance": "",
            "ipam_pool_id": null,
            "network_border_group": "ap-south-1",
            "network_interface": "",
            "private_dns": null,
            "private_ip": "",
            "ptr_record": "",
            "public_dns": "ec2-13-203-148-140.ap-south-1.compute.amazonaws.com",
            "public_ip": "13.203.148.140",
            "public_ipv4_pool": "amazon",
            "region": "ap-south-1",
            "tags": {
              "Name": "devops-nat-eip-2"
            },
            "tags_all": {
              "Name": "devops-nat-eip-2"
            },
            "timeouts": null
          },
          "sensitive_attributes": [],
          "identity_schema_version": 0,
          "private": "eyJlMmJmYjczMC1lY2FhLTExZTYtOGY4OC0zNDM2M2JjN2M0YzAiOnsiZGVsZXRlIjoxODAwMDAwMDAwMDAsInJlYWQiOjkwMDAwMDAwMDAwMCwidXBkYXRlIjozMDAwMDAwMDAwMDB9fQ=="
        }
      ]
    },
    {
      "mode": "managed",
      "type": "aws_eks_cluster",
      "name": "main",
      "provider": "provider[\"registry.terraform.io/hashicorp/aws\"]",
      "instances": [
        {
          "schema_version": 1,
          "attributes": {
            "access_config": [
              {
                "authentication_mode": "CONFIG_MAP",
                "bootstrap_cluster_creator_admin_permissions": true
              }
            ],
            "arn": "arn:aws:eks:ap-south-1:686255954230:cluster/devops-cluster",
            "bootstrap_self_managed_addons": true,
            "certificate_authority": [
              {
                "data": "LS0tLS1CRUdJTiBDRVJUSUZJQ0FURS0tLS0tCk1JSURCVENDQWUyZ0F3SUJBZ0lJQmhPV1ZCV3JSdzh3RFFZSktvWklodmNOQVFFTEJRQXdGVEVUTUJFR0ExVUUKQXhNS2EzVmlaWEp1WlhSbGN6QWVGdzB5TlRBM01UTXhNVFF3TWpsYUZ3MHpOVEEzTVRFeE1UUTFNamxhTUJVeApFekFSQmdOVkJBTVRDbXQxWW1WeWJtVjBaWE13Z2dFaU1BMEdDU3FHU0liM0RRRUJBUVVBQTRJQkR3QXdnZ0VLCkFvSUJBUURLeWE4YU81V0dYR09ZbUFnemNOVHZxT3FZRTFIblJuUXhOQTYzV3M0czk3ZEcwV0pUVkFQNlVwTUUKc2dNbmp0SUxOVjZQYjIwVnR4U21mUks0M0I4czVOQitScGREVnRiS1VDTUdvNWZ2cWNNSmV0R0k0UkFVZzNKWgpJOVZ6SXpyWUo5dWtEWGovcHBacjBWT09QeGJmM2hRNDI3Y0o5SlJ4MFVQVWovY1RnOGNFK3Vnckg2blFZQmpYCk1GVmxuaGh4MTljNlR1Wmd5dkh3eVhCUnNVNTRTQWhWTU1DZmpVTjhJb2hTdWNZelNOaTF1dFNyMEYraUZqOVMKY3FpdGhEZklMRUtEeVphdk5SQVFFckxXTi9IZytWcHFndFlUUmJHdXBwcWhTYTNDb3ZrQjl4RmcrWG44b3IxMwphL3VvMTlYK1ZBdS9iK3hpMFdZUnRCd0h2NFIxQWdNQkFBR2pXVEJYTUE0R0ExVWREd0VCL3dRRUF3SUNwREFQCkJnTlZIUk1CQWY4RUJUQURBUUgvTUIwR0ExVWREZ1FXQkJUS21HRnVNeHJpeG1ZSUkzb1U4YjZXZ1FOb0F6QVYKQmdOVkhSRUVEakFNZ2dwcmRXSmxjbTVsZEdWek1BMEdDU3FHU0liM0RRRUJDd1VBQTRJQkFRQUJrK3hJZ0hKeAp4Tll1RDdKdnlrMSs3RXBjcERBRXZuTUdGWFl0eDdld0Nob3NVVVBaTWRuUGMzdjh6V0M2cWRLZEN4SG1DRFF4CmZ4L1JtZHZpT1FES0FyNUc4aWgrSElHMnFlZ21BZnFzSGVmNU5LQ1Nib2ZOR1UxSVcvMmtoTEN6cVBoWUxBM2IKVXU4K1E3eExzTGdJT1lOd00vWDVWMmJxaEtFdWdLQWYzSGgwVkVKTjRYcndJNzlOa0NWNVI5M3VWc1IybXZEUQp6UGRmUUNaNS9IcmVhU2pZY2Q2TGhPdE1MVDJGZ21yclByczhvWVRhRE5PNVYzdW0rVE54dnlVOHlLdWhuNDBCCmdnV3QzaDNLcGdET0YyZHRHNnJNMXdFVTdFU044d08vbHMrRnBpUWtDQ1NmRnpIK0RpSXhaVkxQUXFJU1NDOVcKZFVKamNMaTUxN3p4Ci0tLS0tRU5EIENFUlRJRklDQVRFLS0tLS0K"
              }
            ],
            "cluster_id": null,
            "compute_config": [],
            "created_at": "2025-07-13T11:41:13Z",
            "enabled_cluster_log_types": null,
            "encryption_config": [],
            "endpoint": "https://4B0D02EB650EAAA067BA7090DF2F2437.yl4.ap-south-1.eks.amazonaws.com",
            "force_update_version": null,
            "id": "devops-cluster",
            "identity": [
              {
                "oidc": [
                  {
                    "issuer": "https://oidc.eks.ap-south-1.amazonaws.com/id/4B0D02EB650EAAA067BA7090DF2F2437"
                  }
                ]
              }
            ],
            "kubernetes_network_config": [
              {
                "elastic_load_balancing": [
                  {
                    "enabled": false
                  }
                ],
                "ip_family": "ipv4",
                "service_ipv4_cidr": "172.20.0.0/16",
                "service_ipv6_cidr": ""
              }
            ],
            "name": "devops-cluster",
            "outpost_config": [],
            "platform_version": "eks.50",
            "region": "ap-south-1",
            "remote_network_config": [],
            "role_arn": "arn:aws:iam::686255954230:role/eks-cluster-role",
            "status": "ACTIVE",
            "storage_config": [],
            "tags": null,
            "tags_all": {},
            "timeouts": null,
            "upgrade_policy": [
              {
                "support_type": "EXTENDED"
              }
            ],
            "version": "1.27",
            "vpc_config": [
              {
                "cluster_security_group_id": "sg-0cd3745fce9d7ab4d",
                "endpoint_private_access": true,
                "endpoint_public_access": true,
                "public_access_cidrs": [
                  "0.0.0.0/0"
                ],
                "security_group_ids": [
                  "sg-0f01c76ea4ec31621"
                ],
                "subnet_ids": [
                  "subnet-004825d3690594a4d",
                  "subnet-014019d3903ae8714",
                  "subnet-06810d0966bc9b60e",
                  "subnet-0a0e9774857ccd7d4"
                ],
                "vpc_id": "vpc-0fa3594bf77cccce5"
              }
            ],
            "zonal_shift_config": []
          },
          "sensitive_attributes": [],
          "identity_schema_version": 0,
          "private": "eyJlMmJmYjczMC1lY2FhLTExZTYtOGY4OC0zNDM2M2JjN2M0YzAiOnsiY3JlYXRlIjoxODAwMDAwMDAwMDAwLCJkZWxldGUiOjkwMDAwMDAwMDAwMCwidXBkYXRlIjozNjAwMDAwMDAwMDAwfSwic2NoZW1hX3ZlcnNpb24iOiIxIn0=",
          "dependencies": [
            "aws_iam_role.eks_cluster",
            "aws_iam_role_policy_attachment.eks_cluster_AmazonEKSClusterPolicy",
            "aws_security_group.eks_cluster_sg",
            "aws_subnet.private",
            "aws_subnet.public",
            "aws_vpc.main",
            "data.aws_availability_zones.available"
          ]
        }
      ]
    },
    {
      "mode": "managed",
      "type": "aws_eks_node_group",
      "name": "main",
      "provider": "provider[\"registry.terraform.io/hashicorp/aws\"]",
      "instances": [
        {
          "schema_version": 0,
          "attributes": {
            "ami_type": "AL2_x86_64",
            "arn": "arn:aws:eks:ap-south-1:686255954230:nodegroup/devops-cluster/devops-node-group/f8cc01cf-1f57-92b1-0322-4f2182ba728d",
            "capacity_type": "ON_DEMAND",
            "cluster_name": "devops-cluster",
            "disk_size": 20,
            "force_update_version": null,
            "id": "devops-cluster:devops-node-group",
            "instance_types": [
              "t3.medium"
            ],
            "labels": null,
            "launch_template": [],
            "node_group_name": "devops-node-group",
            "node_group_name_prefix": "",
            "node_repair_config": [],
            "node_role_arn": "arn:aws:iam::686255954230:role/eks-node-role",
            "region": "ap-south-1",
            "release_version": "1.27.16-20250627",
            "remote_access": [
              {
                "ec2_ssh_key": "eks-worker-key",
                "source_security_group_ids": [
                  "sg-085a2b803615a89fc"
                ]
              }
            ],
            "resources": [
              {
                "autoscaling_groups": [
                  {
                    "name": "eks-devops-node-group-f8cc01cf-1f57-92b1-0322-4f2182ba728d"
                  }
                ],
                "remote_access_security_group_id": "sg-095a63d1f11761a0b"
              }
            ],
            "scaling_config": [
              {
                "desired_size": 2,
                "max_size": 3,
                "min_size": 1
              }
            ],
            "status": "ACTIVE",
            "subnet_ids": [
              "subnet-06810d0966bc9b60e",
              "subnet-0a0e9774857ccd7d4"
            ],
            "tags": null,
            "tags_all": {},
            "taint": [],
            "timeouts": null,
            "update_config": [
              {
                "max_unavailable": 1,
                "max_unavailable_percentage": 0
              }
            ],
            "version": "1.27"
          },
          "sensitive_attributes": [],
          "identity_schema_version": 0,
          "private": "eyJlMmJmYjczMC1lY2FhLTExZTYtOGY4OC0zNDM2M2JjN2M0YzAiOnsiY3JlYXRlIjozNjAwMDAwMDAwMDAwLCJkZWxldGUiOjM2MDAwMDAwMDAwMDAsInVwZGF0ZSI6MzYwMDAwMDAwMDAwMH19",
          "dependencies": [
            "aws_eks_cluster.main",
            "aws_iam_role.eks_cluster",
            "aws_iam_role.eks_node",
            "aws_iam_role_policy_attachment.eks_cluster_AmazonEKSClusterPolicy",
            "aws_iam_role_policy_attachment.node_AmazonEC2ContainerRegistryReadOnly",
            "aws_iam_role_policy_attachment.node_AmazonEKSWorkerNodePolicy",
            "aws_iam_role_policy_attachment.node_AmazonEKS_CNI_Policy",
            "aws_key_pair.worker_key",
            "aws_security_group.eks_cluster_sg",
            "aws_security_group.eks_node_sg",
            "aws_subnet.private",
            "aws_subnet.public",
            "aws_vpc.main",
            "data.aws_availability_zones.available",
            "tls_private_key.worker_key"
          ]
        }
      ]
    },
    {
      "mode": "managed",
      "type": "aws_iam_role",
      "name": "eks_cluster",
      "provider": "provider[\"registry.terraform.io/hashicorp/aws\"]",
      "instances": [
        {
          "schema_version": 0,
          "attributes": {
            "arn": "arn:aws:iam::686255954230:role/eks-cluster-role",
            "assume_role_policy": "{\"Statement\":[{\"Action\":\"sts:AssumeRole\",\"Effect\":\"Allow\",\"Principal\":{\"Service\":\"eks.amazonaws.com\"}}],\"Version\":\"2012-10-17\"}",
            "create_date": "2025-07-13T11:40:48Z",
            "description": "",
            "force_detach_policies": false,
            "id": "eks-cluster-role",
            "inline_policy": [],
            "managed_policy_arns": [],
            "max_session_duration": 3600,
            "name": "eks-cluster-role",
            "name_prefix": "",
            "path": "/",
            "permissions_boundary": "",
            "tags": null,
            "tags_all": {},
            "unique_id": "AROAZ7SAK3E3IGI4C3K5G"
          },
          "sensitive_attributes": [],
          "identity_schema_version": 0,
          "identity": {
            "account_id": "686255954230",
            "name": "eks-cluster-role"
          },
          "private": "bnVsbA=="
        }
      ]
    },
    {
      "mode": "managed",
      "type": "aws_iam_role",
      "name": "eks_node",
      "provider": "provider[\"registry.terraform.io/hashicorp/aws\"]",
      "instances": [
        {
          "schema_version": 0,
          "attributes": {
            "arn": "arn:aws:iam::686255954230:role/eks-node-role",
            "assume_role_policy": "{\"Statement\":[{\"Action\":\"sts:AssumeRole\",\"Effect\":\"Allow\",\"Principal\":{\"Service\":\"ec2.amazonaws.com\"}}],\"Version\":\"2012-10-17\"}",
            "create_date": "2025-07-13T11:40:49Z",
            "description": "",
            "force_detach_policies": false,
            "id": "eks-node-role",
            "inline_policy": [],
            "managed_policy_arns": [],
            "max_session_duration": 3600,
            "name": "eks-node-role",
            "name_prefix": "",
            "path": "/",
            "permissions_boundary": "",
            "tags": null,
            "tags_all": {},
            "unique_id": "AROAZ7SAK3E3BJRQE2ULU"
          },
          "sensitive_attributes": [],
          "identity_schema_version": 0,
          "identity": {
            "account_id": "686255954230",
            "name": "eks-node-role"
          },
          "private": "bnVsbA=="
        }
      ]
    },
    {
      "mode": "managed",
      "type": "aws_iam_role_policy_attachment",
      "name": "eks_cluster_AmazonEKSClusterPolicy",
      "provider": "provider[\"registry.terraform.io/hashicorp/aws\"]",
      "instances": [
        {
          "schema_version": 0,
          "attributes": {
            "id": "eks-cluster-role/arn:aws:iam::aws:policy/AmazonEKSClusterPolicy",
            "policy_arn": "arn:aws:iam::aws:policy/AmazonEKSClusterPolicy",
            "role": "eks-cluster-role"
          },
          "sensitive_attributes": [],
          "identity_schema_version": 0,
          "identity": {
            "account_id": "686255954230",
            "policy_arn": "arn:aws:iam::aws:policy/AmazonEKSClusterPolicy",
            "role": "eks-cluster-role"
          },
          "private": "bnVsbA==",
          "dependencies": [
            "aws_iam_role.eks_cluster"
          ]
        }
      ]
    },
    {
      "mode": "managed",
      "type": "aws_iam_role_policy_attachment",
      "name": "node_AmazonEC2ContainerRegistryReadOnly",
      "provider": "provider[\"registry.terraform.io/hashicorp/aws\"]",
      "instances": [
        {
          "schema_version": 0,
          "attributes": {
            "id": "eks-node-role/arn:aws:iam::aws:policy/AmazonEC2ContainerRegistryReadOnly",
            "policy_arn": "arn:aws:iam::aws:policy/AmazonEC2ContainerRegistryReadOnly",
            "role": "eks-node-role"
          },
          "sensitive_attributes": [],
          "identity_schema_version": 0,
          "identity": {
            "account_id": "686255954230",
            "policy_arn": "arn:aws:iam::aws:policy/AmazonEC2ContainerRegistryReadOnly",
            "role": "eks-node-role"
          },
          "private": "bnVsbA==",
          "dependencies": [
            "aws_iam_role.eks_node"
          ]
        }
      ]
    },
    {
      "mode": "managed",
      "type": "aws_iam_role_policy_attachment",
      "name": "node_AmazonEKSWorkerNodePolicy",
      "provider": "provider[\"registry.terraform.io/hashicorp/aws\"]",
      "instances": [
        {
          "schema_version": 0,
          "attributes": {
            "id": "eks-node-role/arn:aws:iam::aws:policy/AmazonEKSWorkerNodePolicy",
            "policy_arn": "arn:aws:iam::aws:policy/AmazonEKSWorkerNodePolicy",
            "role": "eks-node-role"
          },
          "sensitive_attributes": [],
          "identity_schema_version": 0,
          "identity": {
            "account_id": "686255954230",
            "policy_arn": "arn:aws:iam::aws:policy/AmazonEKSWorkerNodePolicy",
            "role": "eks-node-role"
          },
          "private": "bnVsbA==",
          "dependencies": [
            "aws_iam_role.eks_node"
          ]
        }
      ]
    },
    {
      "mode": "managed",
      "type": "aws_iam_role_policy_attachment",
      "name": "node_AmazonEKS_CNI_Policy",
      "provider": "provider[\"registry.terraform.io/hashicorp/aws\"]",
      "instances": [
        {
          "schema_version": 0,
          "attributes": {
            "id": "eks-node-role/arn:aws:iam::aws:policy/AmazonEKS_CNI_Policy",
            "policy_arn": "arn:aws:iam::aws:policy/AmazonEKS_CNI_Policy",
            "role": "eks-node-role"
          },
          "sensitive_attributes": [],
          "identity_schema_version": 0,
          "identity": {
            "account_id": "686255954230",
            "policy_arn": "arn:aws:iam::aws:policy/AmazonEKS_CNI_Policy",
            "role": "eks-node-role"
          },
          "private": "bnVsbA==",
          "dependencies": [
            "aws_iam_role.eks_node"
          ]
        }
      ]
    },
    {
      "mode": "managed",
      "type": "aws_internet_gateway",
      "name": "igw",
      "provider": "provider[\"registry.terraform.io/hashicorp/aws\"]",
      "instances": [
        {
          "schema_version": 0,
          "attributes": {
            "arn": "arn:aws:ec2:ap-south-1:686255954230:internet-gateway/igw-08dcdafd93a384b2b",
            "id": "igw-08dcdafd93a384b2b",
            "owner_id": "686255954230",
            "region": "ap-south-1",
            "tags": {
              "Name": "devops-igw"
            },
            "tags_all": {
              "Name": "devops-igw"
            },
            "timeouts": null,
            "vpc_id": "vpc-0fa3594bf77cccce5"
          },
          "sensitive_attributes": [],
          "identity_schema_version": 0,
          "private": "eyJlMmJmYjczMC1lY2FhLTExZTYtOGY4OC0zNDM2M2JjN2M0YzAiOnsiY3JlYXRlIjoxMjAwMDAwMDAwMDAwLCJkZWxldGUiOjEyMDAwMDAwMDAwMDAsInVwZGF0ZSI6MTIwMDAwMDAwMDAwMH19",
          "dependencies": [
            "aws_vpc.main"
          ]
        }
      ]
    },
    {
      "mode": "managed",
      "type": "aws_key_pair",
      "name": "worker_key",
      "provider": "provider[\"registry.terraform.io/hashicorp/aws\"]",
      "instances": [
        {
          "schema_version": 1,
          "attributes": {
            "arn": "arn:aws:ec2:ap-south-1:686255954230:key-pair/eks-worker-key",
            "fingerprint": "c8:81:f8:ac:29:c9:a6:3c:dc:b3:16:0a:45:22:8e:de",
            "id": "eks-worker-key",
            "key_name": "eks-worker-key",
            "key_name_prefix": "",
            "key_pair_id": "key-00f54c9ddd0d7c350",
            "key_type": "rsa",
            "public_key": "ssh-rsa AAAAB3NzaC1yc2EAAAADAQABAAACAQDcjWv8u4xlf2Bydy5qVGG8PuescmgAVOzfAUPnk+iJ8LQp33zOqOIxgHJa19P7VD9HTgU6c/pta+tjjBviDKrilGUi2rTAQXG+T1jIIxVLTSN26Rplpkz9YMBqViZi0na85V5Bjb+iFZRPgiiMdm8T0DR2jlXo5BKudNEhA8jdAQtBCuDQL5KBe77guHg6d6vlN4JtFiuFRfJbi6J+Ayk8+wxmmMXtsEPJHnULPzGgOtSocuz7iqoaW4TKuHnjgxNzcB/Y5SIbuMHfYHeQRcUa6CtNMY59Oa9NCsCyU1FNhe3e6croh03D2oF4IZP/f2wwaYhc38xKJ1Aw9sVQSIgIEinvE6NOajF87ZczavecTMF74+QCFfsuLAIs7dnLI5CpVacaSeLEcNbn+BCP3dn3M+YCcUsXtlpuKBmgQuABhIbFwT33R9gk7EHGZ73FCbBxxk8vOToIquI6Gz0wLrywrF+GGOhn37ozlkCCXl0DuQyHSwypfY5+hfWw06CtGnjPIG1sjuxfQxZntoHKhLu19klGMFc40NhQcsN4nGmFlt7qEI/XQ5ICEZTtJA7q+8iZTRSNhdQXgt9rpqod1qL40+rAdBSrDhGf3IjLULzYL75VXWyfAUmtkJyqnVowlmjGiyGdilUAq/1ArqkfHQaAMkREb6g9JoU6S+jakvfDWw==",
            "region": "ap-south-1",
            "tags": null,
            "tags_all": {}
          },
          "sensitive_attributes": [],
          "identity_schema_version": 0,
          "private": "eyJzY2hlbWFfdmVyc2lvbiI6IjEifQ==",
          "dependencies": [
            "tls_private_key.worker_key"
          ]
        }
      ]
    },
    {
      "mode": "managed",
      "type": "aws_nat_gateway",
      "name": "nat",
      "provider": "provider[\"registry.terraform.io/hashicorp/aws\"]",
      "instances": [
        {
          "index_key": 0,
          "schema_version": 0,
          "attributes": {
            "allocation_id": "eipalloc-0fa4d6538e32c9952",
            "association_id": "eipassoc-09d539f6cfb0474fc",
            "connectivity_type": "public",
            "id": "nat-0d2b6748195010300",
            "network_interface_id": "eni-07cae7f834103ddf3",
            "private_ip": "10.0.1.74",
            "public_ip": "52.66.34.183",
            "region": "ap-south-1",
            "secondary_allocation_ids": null,
            "secondary_private_ip_address_count": 0,
            "secondary_private_ip_addresses": [],
            "subnet_id": "subnet-014019d3903ae8714",
            "tags": {
              "Name": "devops-nat-gw-1"
            },
            "tags_all": {
              "Name": "devops-nat-gw-1"
            },
            "timeouts": null
          },
          "sensitive_attributes": [],
          "identity_schema_version": 0,
          "private": "eyJlMmJmYjczMC1lY2FhLTExZTYtOGY4OC0zNDM2M2JjN2M0YzAiOnsiY3JlYXRlIjo2MDAwMDAwMDAwMDAsImRlbGV0ZSI6MTgwMDAwMDAwMDAwMCwidXBkYXRlIjo2MDAwMDAwMDAwMDB9fQ==",
          "dependencies": [
            "aws_eip.nat",
            "aws_internet_gateway.igw",
            "aws_subnet.public",
            "aws_vpc.main",
            "data.aws_availability_zones.available"
          ]
        },
        {
          "index_key": 1,
          "schema_version": 0,
          "attributes": {
            "allocation_id": "eipalloc-0a3a57c2b97dae8bd",
            "association_id": "eipassoc-0feaa0441c3fc2002",
            "connectivity_type": "public",
            "id": "nat-06b8c1e1e71fff585",
            "network_interface_id": "eni-0c4966e764054e8e2",
            "private_ip": "10.0.2.170",
            "public_ip": "13.203.148.140",
            "region": "ap-south-1",
            "secondary_allocation_ids": null,
            "secondary_private_ip_address_count": 0,
            "secondary_private_ip_addresses": [],
            "subnet_id": "subnet-004825d3690594a4d",
            "tags": {
              "Name": "devops-nat-gw-2"
            },
            "tags_all": {
              "Name": "devops-nat-gw-2"
            },
            "timeouts": null
          },
          "sensitive_attributes": [],
          "identity_schema_version": 0,
          "private": "eyJlMmJmYjczMC1lY2FhLTExZTYtOGY4OC0zNDM2M2JjN2M0YzAiOnsiY3JlYXRlIjo2MDAwMDAwMDAwMDAsImRlbGV0ZSI6MTgwMDAwMDAwMDAwMCwidXBkYXRlIjo2MDAwMDAwMDAwMDB9fQ==",
          "dependencies": [
            "aws_eip.nat",
            "aws_internet_gateway.igw",
            "aws_subnet.public",
            "aws_vpc.main",
            "data.aws_availability_zones.available"
          ]
        }
      ]
    },
    {
      "mode": "managed",
      "type": "aws_route_table",
      "name": "private",
      "provider": "provider[\"registry.terraform.io/hashicorp/aws\"]",
      "instances": [
        {
          "index_key": 0,
          "schema_version": 0,
          "attributes": {
            "arn": "arn:aws:ec2:ap-south-1:686255954230:route-table/rtb-0061170e42ae9d478",
            "id": "rtb-0061170e42ae9d478",
            "owner_id": "686255954230",
            "propagating_vgws": [],
            "region": "ap-south-1",
            "route": [
              {
                "carrier_gateway_id": "",
                "cidr_block": "0.0.0.0/0",
                "core_network_arn": "",
                "destination_prefix_list_id": "",
                "egress_only_gateway_id": "",
                "gateway_id": "",
                "ipv6_cidr_block": "",
                "local_gateway_id": "",
                "nat_gateway_id": "nat-0d2b6748195010300",
                "network_interface_id": "",
                "transit_gateway_id": "",
                "vpc_endpoint_id": "",
                "vpc_peering_connection_id": ""
              }
            ],
            "tags": {
              "Name": "devops-private-rt-1"
            },
            "tags_all": {
              "Name": "devops-private-rt-1"
            },
            "timeouts": null,
            "vpc_id": "vpc-0fa3594bf77cccce5"
          },
          "sensitive_attributes": [],
          "identity_schema_version": 0,
          "private": "eyJlMmJmYjczMC1lY2FhLTExZTYtOGY4OC0zNDM2M2JjN2M0YzAiOnsiY3JlYXRlIjozMDAwMDAwMDAwMDAsImRlbGV0ZSI6MzAwMDAwMDAwMDAwLCJ1cGRhdGUiOjEyMDAwMDAwMDAwMH19",
          "dependencies": [
            "aws_eip.nat",
            "aws_internet_gateway.igw",
            "aws_nat_gateway.nat",
            "aws_subnet.public",
            "aws_vpc.main",
            "data.aws_availability_zones.available"
          ]
        },
        {
          "index_key": 1,
          "schema_version": 0,
          "attributes": {
            "arn": "arn:aws:ec2:ap-south-1:686255954230:route-table/rtb-03bafcd01473db4f1",
            "id": "rtb-03bafcd01473db4f1",
            "owner_id": "686255954230",
            "propagating_vgws": [],
            "region": "ap-south-1",
            "route": [
              {
                "carrier_gateway_id": "",
                "cidr_block": "0.0.0.0/0",
                "core_network_arn": "",
                "destination_prefix_list_id": "",
                "egress_only_gateway_id": "",
                "gateway_id": "",
                "ipv6_cidr_block": "",
                "local_gateway_id": "",
                "nat_gateway_id": "nat-06b8c1e1e71fff585",
                "network_interface_id": "",
                "transit_gateway_id": "",
                "vpc_endpoint_id": "",
                "vpc_peering_connection_id": ""
              }
            ],
            "tags": {
              "Name": "devops-private-rt-2"
            },
            "tags_all": {
              "Name": "devops-private-rt-2"
            },
            "timeouts": null,
            "vpc_id": "vpc-0fa3594bf77cccce5"
          },
          "sensitive_attributes": [],
          "identity_schema_version": 0,
          "private": "eyJlMmJmYjczMC1lY2FhLTExZTYtOGY4OC0zNDM2M2JjN2M0YzAiOnsiY3JlYXRlIjozMDAwMDAwMDAwMDAsImRlbGV0ZSI6MzAwMDAwMDAwMDAwLCJ1cGRhdGUiOjEyMDAwMDAwMDAwMH19",
          "dependencies": [
            "aws_eip.nat",
            "aws_internet_gateway.igw",
            "aws_nat_gateway.nat",
            "aws_subnet.public",
            "aws_vpc.main",
            "data.aws_availability_zones.available"
          ]
        }
      ]
    },
    {
      "mode": "managed",
      "type": "aws_route_table",
      "name": "public",
      "provider": "provider[\"registry.terraform.io/hashicorp/aws\"]",
      "instances": [
        {
          "schema_version": 0,
          "attributes": {
            "arn": "arn:aws:ec2:ap-south-1:686255954230:route-table/rtb-05fff6c148edf41f0",
            "id": "rtb-05fff6c148edf41f0",
            "owner_id": "686255954230",
            "propagating_vgws": [],
            "region": "ap-south-1",
            "route": [
              {
                "carrier_gateway_id": "",
                "cidr_block": "0.0.0.0/0",
                "core_network_arn": "",
                "destination_prefix_list_id": "",
                "egress_only_gateway_id": "",
                "gateway_id": "igw-08dcdafd93a384b2b",
                "ipv6_cidr_block": "",
                "local_gateway_id": "",
                "nat_gateway_id": "",
                "network_interface_id": "",
                "transit_gateway_id": "",
                "vpc_endpoint_id": "",
                "vpc_peering_connection_id": ""
              }
            ],
            "tags": {
              "Name": "devops-public-rt"
            },
            "tags_all": {
              "Name": "devops-public-rt"
            },
            "timeouts": null,
            "vpc_id": "vpc-0fa3594bf77cccce5"
          },
          "sensitive_attributes": [],
          "identity_schema_version": 0,
          "private": "eyJlMmJmYjczMC1lY2FhLTExZTYtOGY4OC0zNDM2M2JjN2M0YzAiOnsiY3JlYXRlIjozMDAwMDAwMDAwMDAsImRlbGV0ZSI6MzAwMDAwMDAwMDAwLCJ1cGRhdGUiOjEyMDAwMDAwMDAwMH19",
          "dependencies": [
            "aws_internet_gateway.igw",
            "aws_vpc.main"
          ]
        }
      ]
    },
    {
      "mode": "managed",
      "type": "aws_route_table_association",
      "name": "private",
      "provider": "provider[\"registry.terraform.io/hashicorp/aws\"]",
      "instances": [
        {
          "index_key": 0,
          "schema_version": 0,
          "attributes": {
            "gateway_id": "",
            "id": "rtbassoc-09b797e62328e9e9e",
            "region": "ap-south-1",
            "route_table_id": "rtb-0061170e42ae9d478",
            "subnet_id": "subnet-06810d0966bc9b60e",
            "timeouts": null
          },
          "sensitive_attributes": [],
          "identity_schema_version": 0,
          "private": "eyJlMmJmYjczMC1lY2FhLTExZTYtOGY4OC0zNDM2M2JjN2M0YzAiOnsiY3JlYXRlIjozMDAwMDAwMDAwMDAsImRlbGV0ZSI6MzAwMDAwMDAwMDAwLCJ1cGRhdGUiOjEyMDAwMDAwMDAwMH19",
          "dependencies": [
            "aws_eip.nat",
            "aws_internet_gateway.igw",
            "aws_nat_gateway.nat",
            "aws_route_table.private",
            "aws_subnet.private",
            "aws_subnet.public",
            "aws_vpc.main",
            "data.aws_availability_zones.available"
          ]
        },
        {
          "index_key": 1,
          "schema_version": 0,
          "attributes": {
            "gateway_id": "",
            "id": "rtbassoc-00dfb17ef9b6f7b62",
            "region": "ap-south-1",
            "route_table_id": "rtb-03bafcd01473db4f1",
            "subnet_id": "subnet-0a0e9774857ccd7d4",
            "timeouts": null
          },
          "sensitive_attributes": [],
          "identity_schema_version": 0,
          "private": "eyJlMmJmYjczMC1lY2FhLTExZTYtOGY4OC0zNDM2M2JjN2M0YzAiOnsiY3JlYXRlIjozMDAwMDAwMDAwMDAsImRlbGV0ZSI6MzAwMDAwMDAwMDAwLCJ1cGRhdGUiOjEyMDAwMDAwMDAwMH19",
          "dependencies": [
            "aws_eip.nat",
            "aws_internet_gateway.igw",
            "aws_nat_gateway.nat",
            "aws_route_table.private",
            "aws_subnet.private",
            "aws_subnet.public",
            "aws_vpc.main",
            "data.aws_availability_zones.available"
          ]
        }
      ]
    },
    {
      "mode": "managed",
      "type": "aws_route_table_association",
      "name": "public",
      "provider": "provider[\"registry.terraform.io/hashicorp/aws\"]",
      "instances": [
        {
          "index_key": 0,
          "schema_version": 0,
          "attributes": {
            "gateway_id": "",
            "id": "rtbassoc-00e3c46c0658b387e",
            "region": "ap-south-1",
            "route_table_id": "rtb-05fff6c148edf41f0",
            "subnet_id": "subnet-014019d3903ae8714",
            "timeouts": null
          },
          "sensitive_attributes": [],
          "identity_schema_version": 0,
          "private": "eyJlMmJmYjczMC1lY2FhLTExZTYtOGY4OC0zNDM2M2JjN2M0YzAiOnsiY3JlYXRlIjozMDAwMDAwMDAwMDAsImRlbGV0ZSI6MzAwMDAwMDAwMDAwLCJ1cGRhdGUiOjEyMDAwMDAwMDAwMH19",
          "dependencies": [
            "aws_internet_gateway.igw",
            "aws_route_table.public",
            "aws_subnet.public",
            "aws_vpc.main",
            "data.aws_availability_zones.available"
          ]
        },
        {
          "index_key": 1,
          "schema_version": 0,
          "attributes": {
            "gateway_id": "",
            "id": "rtbassoc-063825529fe59090f",
            "region": "ap-south-1",
            "route_table_id": "rtb-05fff6c148edf41f0",
            "subnet_id": "subnet-004825d3690594a4d",
            "timeouts": null
          },
          "sensitive_attributes": [],
          "identity_schema_version": 0,
          "private": "eyJlMmJmYjczMC1lY2FhLTExZTYtOGY4OC0zNDM2M2JjN2M0YzAiOnsiY3JlYXRlIjozMDAwMDAwMDAwMDAsImRlbGV0ZSI6MzAwMDAwMDAwMDAwLCJ1cGRhdGUiOjEyMDAwMDAwMDAwMH19",
          "dependencies": [
            "aws_internet_gateway.igw",
            "aws_route_table.public",
            "aws_subnet.public",
            "aws_vpc.main",
            "data.aws_availability_zones.available"
          ]
        }
      ]
    },
    {
      "mode": "managed",
      "type": "aws_security_group",
      "name": "eks_cluster_sg",
      "provider": "provider[\"registry.terraform.io/hashicorp/aws\"]",
      "instances": [
        {
          "schema_version": 1,
          "attributes": {
            "arn": "arn:aws:ec2:ap-south-1:686255954230:security-group/sg-0f01c76ea4ec31621",
            "description": "Security group for EKS cluster",
            "egress": [
              {
                "cidr_blocks": [
                  "0.0.0.0/0"
                ],
                "description": "Allow all outbound traffic",
                "from_port": 0,
                "ipv6_cidr_blocks": [],
                "prefix_list_ids": [],
                "protocol": "-1",
                "security_groups": [],
                "self": false,
                "to_port": 0
              }
            ],
            "id": "sg-0f01c76ea4ec31621",
            "ingress": [],
            "name": "eks-cluster-sg",
            "name_prefix": "",
            "owner_id": "686255954230",
            "region": "ap-south-1",
            "revoke_rules_on_delete": false,
            "tags": {
              "Name": "eks-cluster-sg"
            },
            "tags_all": {
              "Name": "eks-cluster-sg"
            },
            "timeouts": null,
            "vpc_id": "vpc-0fa3594bf77cccce5"
          },
          "sensitive_attributes": [],
          "identity_schema_version": 0,
          "private": "eyJlMmJmYjczMC1lY2FhLTExZTYtOGY4OC0zNDM2M2JjN2M0YzAiOnsiY3JlYXRlIjo2MDAwMDAwMDAwMDAsImRlbGV0ZSI6OTAwMDAwMDAwMDAwfSwic2NoZW1hX3ZlcnNpb24iOiIxIn0=",
          "dependencies": [
            "aws_vpc.main"
          ]
        }
      ]
    },
    {
      "mode": "managed",
      "type": "aws_security_group",
      "name": "eks_node_sg",
      "provider": "provider[\"registry.terraform.io/hashicorp/aws\"]",
      "instances": [
        {
          "schema_version": 1,
          "attributes": {
            "arn": "arn:aws:ec2:ap-south-1:686255954230:security-group/sg-085a2b803615a89fc",
            "description": "Security group for EKS worker nodes",
            "egress": [
              {
                "cidr_blocks": [
                  "0.0.0.0/0"
                ],
                "description": "Allow all outbound traffic",
                "from_port": 0,
                "ipv6_cidr_blocks": [],
                "prefix_list_ids": [],
                "protocol": "-1",
                "security_groups": [],
                "self": false,
                "to_port": 0
              }
            ],
            "id": "sg-085a2b803615a89fc",
            "ingress": [
              {
                "cidr_blocks": [],
                "description": "Allow kubelet and node communication",
                "from_port": 1025,
                "ipv6_cidr_blocks": [],
                "prefix_list_ids": [],
                "protocol": "tcp",
                "security_groups": [
                  "sg-0f01c76ea4ec31621"
                ],
                "self": false,
                "to_port": 65535
              },
              {
                "cidr_blocks": [],
                "description": "Allow nodes to communicate with each other",
                "from_port": 0,
                "ipv6_cidr_blocks": [],
                "prefix_list_ids": [],
                "protocol": "tcp",
                "security_groups": [],
                "self": true,
                "to_port": 65535
              },
              {
                "cidr_blocks": [],
                "description": "Allow pods to communicate with the cluster API Server",
                "from_port": 443,
                "ipv6_cidr_blocks": [],
                "prefix_list_ids": [],
                "protocol": "tcp",
                "security_groups": [
                  "sg-0f01c76ea4ec31621"
                ],
                "self": false,
                "to_port": 443
              }
            ],
            "name": "eks-node-sg",
            "name_prefix": "",
            "owner_id": "686255954230",
            "region": "ap-south-1",
            "revoke_rules_on_delete": false,
            "tags": {
              "Name": "eks-node-sg"
            },
            "tags_all": {
              "Name": "eks-node-sg"
            },
            "timeouts": null,
            "vpc_id": "vpc-0fa3594bf77cccce5"
          },
          "sensitive_attributes": [],
          "identity_schema_version": 0,
          "private": "eyJlMmJmYjczMC1lY2FhLTExZTYtOGY4OC0zNDM2M2JjN2M0YzAiOnsiY3JlYXRlIjo2MDAwMDAwMDAwMDAsImRlbGV0ZSI6OTAwMDAwMDAwMDAwfSwic2NoZW1hX3ZlcnNpb24iOiIxIn0=",
          "dependencies": [
            "aws_security_group.eks_cluster_sg",
            "aws_vpc.main"
          ]
        }
      ]
    },
    {
      "mode": "managed",
      "type": "aws_security_group_rule",
      "name": "cluster_to_node",
      "provider": "provider[\"registry.terraform.io/hashicorp/aws\"]",
      "instances": [
        {
          "schema_version": 2,
          "attributes": {
            "cidr_blocks": null,
            "description": "Allow cluster to communicate with nodes",
            "from_port": 1025,
            "id": "sgrule-1574762113",
            "ipv6_cidr_blocks": null,
            "prefix_list_ids": null,
            "protocol": "tcp",
            "region": "ap-south-1",
            "security_group_id": "sg-0f01c76ea4ec31621",
            "security_group_rule_id": "sgr-068917bccf90c610a",
            "self": false,
            "source_security_group_id": "sg-085a2b803615a89fc",
            "timeouts": null,
            "to_port": 65535,
            "type": "ingress"
          },
          "sensitive_attributes": [],
          "identity_schema_version": 0,
          "private": "eyJlMmJmYjczMC1lY2FhLTExZTYtOGY4OC0zNDM2M2JjN2M0YzAiOnsiY3JlYXRlIjozMDAwMDAwMDAwMDB9LCJzY2hlbWFfdmVyc2lvbiI6IjIifQ==",
          "dependencies": [
            "aws_security_group.eks_cluster_sg",
            "aws_security_group.eks_node_sg",
            "aws_vpc.main"
          ]
        }
      ]
    },
    {
      "mode": "managed",
      "type": "aws_security_group_rule",
      "name": "cluster_to_node_api",
      "provider": "provider[\"registry.terraform.io/hashicorp/aws\"]",
      "instances": [
        {
          "schema_version": 2,
          "attributes": {
            "cidr_blocks": null,
            "description": "Allow cluster API to communicate with nodes",
            "from_port": 443,
            "id": "sgrule-4099065883",
            "ipv6_cidr_blocks": null,
            "prefix_list_ids": null,
            "protocol": "tcp",
            "region": "ap-south-1",
            "security_group_id": "sg-0f01c76ea4ec31621",
            "security_group_rule_id": "sgr-0634aa0c34966eb6e",
            "self": false,
            "source_security_group_id": "sg-085a2b803615a89fc",
            "timeouts": null,
            "to_port": 443,
            "type": "ingress"
          },
          "sensitive_attributes": [],
          "identity_schema_version": 0,
          "private": "eyJlMmJmYjczMC1lY2FhLTExZTYtOGY4OC0zNDM2M2JjN2M0YzAiOnsiY3JlYXRlIjozMDAwMDAwMDAwMDB9LCJzY2hlbWFfdmVyc2lvbiI6IjIifQ==",
          "dependencies": [
            "aws_security_group.eks_cluster_sg",
            "aws_security_group.eks_node_sg",
            "aws_vpc.main"
          ]
        }
      ]
    },
    {
      "mode": "managed",
      "type": "aws_subnet",
      "name": "private",
      "provider": "provider[\"registry.terraform.io/hashicorp/aws\"]",
      "instances": [
        {
          "index_key": 0,
          "schema_version": 1,
          "attributes": {
            "arn": "arn:aws:ec2:ap-south-1:686255954230:subnet/subnet-06810d0966bc9b60e",
            "assign_ipv6_address_on_creation": false,
            "availability_zone": "ap-south-1a",
            "availability_zone_id": "aps1-az1",
            "cidr_block": "10.0.10.0/24",
            "customer_owned_ipv4_pool": "",
            "enable_dns64": false,
            "enable_lni_at_device_index": 0,
            "enable_resource_name_dns_a_record_on_launch": false,
            "enable_resource_name_dns_aaaa_record_on_launch": false,
            "id": "subnet-06810d0966bc9b60e",
            "ipv6_cidr_block": "",
            "ipv6_cidr_block_association_id": "",
            "ipv6_native": false,
            "map_customer_owned_ip_on_launch": false,
            "map_public_ip_on_launch": false,
            "outpost_arn": "",
            "owner_id": "686255954230",
            "private_dns_hostname_type_on_launch": "ip-name",
            "region": "ap-south-1",
            "tags": {
              "Name": "devops-private-subnet-1",
              "kubernetes.io/cluster/devops-cluster": "shared",
              "kubernetes.io/role/internal-elb": "1"
            },
            "tags_all": {
              "Name": "devops-private-subnet-1",
              "kubernetes.io/cluster/devops-cluster": "shared",
              "kubernetes.io/role/internal-elb": "1"
            },
            "timeouts": null,
            "vpc_id": "vpc-0fa3594bf77cccce5"
          },
          "sensitive_attributes": [],
          "identity_schema_version": 0,
          "private": "eyJlMmJmYjczMC1lY2FhLTExZTYtOGY4OC0zNDM2M2JjN2M0YzAiOnsiY3JlYXRlIjo2MDAwMDAwMDAwMDAsImRlbGV0ZSI6MTIwMDAwMDAwMDAwMH0sInNjaGVtYV92ZXJzaW9uIjoiMSJ9",
          "dependencies": [
            "aws_vpc.main",
            "data.aws_availability_zones.available"
          ]
        },
        {
          "index_key": 1,
          "schema_version": 1,
          "attributes": {
            "arn": "arn:aws:ec2:ap-south-1:686255954230:subnet/subnet-0a0e9774857ccd7d4",
            "assign_ipv6_address_on_creation": false,
            "availability_zone": "ap-south-1b",
            "availability_zone_id": "aps1-az3",
            "cidr_block": "10.0.11.0/24",
            "customer_owned_ipv4_pool": "",
            "enable_dns64": false,
            "enable_lni_at_device_index": 0,
            "enable_resource_name_dns_a_record_on_launch": false,
            "enable_resource_name_dns_aaaa_record_on_launch": false,
            "id": "subnet-0a0e9774857ccd7d4",
            "ipv6_cidr_block": "",
            "ipv6_cidr_block_association_id": "",
            "ipv6_native": false,
            "map_customer_owned_ip_on_launch": false,
            "map_public_ip_on_launch": false,
            "outpost_arn": "",
            "owner_id": "686255954230",
            "private_dns_hostname_type_on_launch": "ip-name",
            "region": "ap-south-1",
            "tags": {
              "Name": "devops-private-subnet-2",
              "kubernetes.io/cluster/devops-cluster": "shared",
              "kubernetes.io/role/internal-elb": "1"
            },
            "tags_all": {
              "Name": "devops-private-subnet-2",
              "kubernetes.io/cluster/devops-cluster": "shared",
              "kubernetes.io/role/internal-elb": "1"
            },
            "timeouts": null,
            "vpc_id": "vpc-0fa3594bf77cccce5"
          },
          "sensitive_attributes": [],
          "identity_schema_version": 0,
          "private": "eyJlMmJmYjczMC1lY2FhLTExZTYtOGY4OC0zNDM2M2JjN2M0YzAiOnsiY3JlYXRlIjo2MDAwMDAwMDAwMDAsImRlbGV0ZSI6MTIwMDAwMDAwMDAwMH0sInNjaGVtYV92ZXJzaW9uIjoiMSJ9",
          "dependencies": [
            "aws_vpc.main",
            "data.aws_availability_zones.available"
          ]
        }
      ]
    },
    {
      "mode": "managed",
      "type": "aws_subnet",
      "name": "public",
      "provider": "provider[\"registry.terraform.io/hashicorp/aws\"]",
      "instances": [
        {
          "index_key": 0,
          "schema_version": 1,
          "attributes": {
            "arn": "arn:aws:ec2:ap-south-1:686255954230:subnet/subnet-014019d3903ae8714",
            "assign_ipv6_address_on_creation": false,
            "availability_zone": "ap-south-1a",
            "availability_zone_id": "aps1-az1",
            "cidr_block": "10.0.1.0/24",
            "customer_owned_ipv4_pool": "",
            "enable_dns64": false,
            "enable_lni_at_device_index": 0,
            "enable_resource_name_dns_a_record_on_launch": false,
            "enable_resource_name_dns_aaaa_record_on_launch": false,
            "id": "subnet-014019d3903ae8714",
            "ipv6_cidr_block": "",
            "ipv6_cidr_block_association_id": "",
            "ipv6_native": false,
            "map_customer_owned_ip_on_launch": false,
            "map_public_ip_on_launch": true,
            "outpost_arn": "",
            "owner_id": "686255954230",
            "private_dns_hostname_type_on_launch": "ip-name",
            "region": "ap-south-1",
            "tags": {
              "Name": "devops-public-subnet-1",
              "kubernetes.io/cluster/devops-cluster": "shared",
              "kubernetes.io/role/elb": "1"
            },
            "tags_all": {
              "Name": "devops-public-subnet-1",
              "kubernetes.io/cluster/devops-cluster": "shared",
              "kubernetes.io/role/elb": "1"
            },
            "timeouts": null,
            "vpc_id": "vpc-0fa3594bf77cccce5"
          },
          "sensitive_attributes": [],
          "identity_schema_version": 0,
          "private": "eyJlMmJmYjczMC1lY2FhLTExZTYtOGY4OC0zNDM2M2JjN2M0YzAiOnsiY3JlYXRlIjo2MDAwMDAwMDAwMDAsImRlbGV0ZSI6MTIwMDAwMDAwMDAwMH0sInNjaGVtYV92ZXJzaW9uIjoiMSJ9",
          "dependencies": [
            "aws_vpc.main",
            "data.aws_availability_zones.available"
          ]
        },
        {
          "index_key": 1,
          "schema_version": 1,
          "attributes": {
            "arn": "arn:aws:ec2:ap-south-1:686255954230:subnet/subnet-004825d3690594a4d",
            "assign_ipv6_address_on_creation": false,
            "availability_zone": "ap-south-1b",
            "availability_zone_id": "aps1-az3",
            "cidr_block": "10.0.2.0/24",
            "customer_owned_ipv4_pool": "",
            "enable_dns64": false,
            "enable_lni_at_device_index": 0,
            "enable_resource_name_dns_a_record_on_launch": false,
            "enable_resource_name_dns_aaaa_record_on_launch": false,
            "id": "subnet-004825d3690594a4d",
            "ipv6_cidr_block": "",
            "ipv6_cidr_block_association_id": "",
            "ipv6_native": false,
            "map_customer_owned_ip_on_launch": false,
            "map_public_ip_on_launch": true,
            "outpost_arn": "",
            "owner_id": "686255954230",
            "private_dns_hostname_type_on_launch": "ip-name",
            "region": "ap-south-1",
            "tags": {
              "Name": "devops-public-subnet-2",
              "kubernetes.io/cluster/devops-cluster": "shared",
              "kubernetes.io/role/elb": "1"
            },
            "tags_all": {
              "Name": "devops-public-subnet-2",
              "kubernetes.io/cluster/devops-cluster": "shared",
              "kubernetes.io/role/elb": "1"
            },
            "timeouts": null,
            "vpc_id": "vpc-0fa3594bf77cccce5"
          },
          "sensitive_attributes": [],
          "identity_schema_version": 0,
          "private": "eyJlMmJmYjczMC1lY2FhLTExZTYtOGY4OC0zNDM2M2JjN2M0YzAiOnsiY3JlYXRlIjo2MDAwMDAwMDAwMDAsImRlbGV0ZSI6MTIwMDAwMDAwMDAwMH0sInNjaGVtYV92ZXJzaW9uIjoiMSJ9",
          "dependencies": [
            "aws_vpc.main",
            "data.aws_availability_zones.available"
          ]
        }
      ]
    },
    {
      "mode": "managed",
      "type": "aws_vpc",
      "name": "main",
      "provider": "provider[\"registry.terraform.io/hashicorp/aws\"]",
      "instances": [
        {
          "schema_version": 1,
          "attributes": {
            "arn": "arn:aws:ec2:ap-south-1:686255954230:vpc/vpc-0fa3594bf77cccce5",
            "assign_generated_ipv6_cidr_block": false,
            "cidr_block": "10.0.0.0/16",
            "default_network_acl_id": "acl-0760418b103a40e7a",
            "default_route_table_id": "rtb-0b5ee95a29008bf55",
            "default_security_group_id": "sg-024f078d690d572fd",
            "dhcp_options_id": "dopt-062ece8c360cfe063",
            "enable_dns_hostnames": true,
            "enable_dns_support": true,
            "enable_network_address_usage_metrics": false,
            "id": "vpc-0fa3594bf77cccce5",
            "instance_tenancy": "default",
            "ipv4_ipam_pool_id": null,
            "ipv4_netmask_length": null,
            "ipv6_association_id": "",
            "ipv6_cidr_block": "",
            "ipv6_cidr_block_network_border_group": "",
            "ipv6_ipam_pool_id": "",
            "ipv6_netmask_length": 0,
            "main_route_table_id": "rtb-0b5ee95a29008bf55",
            "owner_id": "686255954230",
            "region": "ap-south-1",
            "tags": {
              "Name": "devops-vpc",
              "kubernetes.io/cluster/devops-cluster": "shared"
            },
            "tags_all": {
              "Name": "devops-vpc",
              "kubernetes.io/cluster/devops-cluster": "shared"
            }
          },
          "sensitive_attributes": [],
          "identity_schema_version": 0,
          "private": "eyJzY2hlbWFfdmVyc2lvbiI6IjEifQ=="
        }
      ]
    },
    {
      "mode": "managed",
      "type": "tls_private_key",
      "name": "worker_key",
      "provider": "provider[\"registry.terraform.io/hashicorp/tls\"]",
      "instances": [
        {
          "schema_version": 1,
          "attributes": {
            "algorithm": "RSA",
            "ecdsa_curve": "P224",
            "id": "978bfd7a48bfe3e0bea6057272532714ef3ae378",
            "private_key_openssh": "-----BEGIN OPENSSH PRIVATE KEY-----\nb3BlbnNzaC1rZXktdjEAAAAABG5vbmUAAAAEbm9uZQAAAAAAAAABAAACFwAAAAdz\nc2gtcnNhAAAAAwEAAQAAAgEA3I1r/LuMZX9gcncualRhvD7nrHJoAFTs3wFD55Po\nifC0Kd98zqjiMYByWtfT+1Q/R04FOnP6bWvrY4wb4gyq4pRlItq0wEFxvk9YyCMV\nS00jdukaZaZM/WDAalYmYtJ2vOVeQY2/ohWUT4IojHZvE9A0do5V6OQSrnTRIQPI\n3QELQQrg0C+SgXu+4Lh4Oner5TeCbRYrhUXyW4uifgMpPPsMZpjF7bBDyR51Cz8x\noDrUqHLs+4qqGluEyrh544MTc3Af2OUiG7jB32B3kEXFGugrTTGOfTmvTQrAslNR\nTYXt3unK6IdNw9qBeCGT/39sMGmIXN/MSidQMPbFUEiICBIp7xOjTmoxfO2XM2r3\nnEzBe+PkAhX7LiwCLO3ZyyOQqVWnGknixHDW5/gQj93Z9zPmAnFLF7ZabigZoELg\nAYSGxcE990fYJOxBxme9xQmwccZPLzk6CKriOhs9MC68sKxfhhjoZ9+6M5ZAgl5d\nA7kMh0sMqX2OfoX1sNOgrRp4zyBtbI7sX0MWZ7aByoS7tfZJRjBXONDYUHLDeJxp\nhZbe6hCP10OSAhGU7SQO6vvImU0UjYXUF4Lfa6aqHdai+NPqwHQUqw4Rn9yIy1C8\n2C++VV1snwFJrZCcqp1aMJZoxoshnYpVAKv9QK6pHx0GgDJERG+oPSaFOkvo2pL3\nw1sAAAc4Wxjem1sY3psAAAAHc3NoLXJzYQAAAgEA3I1r/LuMZX9gcncualRhvD7n\nrHJoAFTs3wFD55PoifC0Kd98zqjiMYByWtfT+1Q/R04FOnP6bWvrY4wb4gyq4pRl\nItq0wEFxvk9YyCMVS00jdukaZaZM/WDAalYmYtJ2vOVeQY2/ohWUT4IojHZvE9A0\ndo5V6OQSrnTRIQPI3QELQQrg0C+SgXu+4Lh4Oner5TeCbRYrhUXyW4uifgMpPPsM\nZpjF7bBDyR51Cz8xoDrUqHLs+4qqGluEyrh544MTc3Af2OUiG7jB32B3kEXFGugr\nTTGOfTmvTQrAslNRTYXt3unK6IdNw9qBeCGT/39sMGmIXN/MSidQMPbFUEiICBIp\n7xOjTmoxfO2XM2r3nEzBe+PkAhX7LiwCLO3ZyyOQqVWnGknixHDW5/gQj93Z9zPm\nAnFLF7ZabigZoELgAYSGxcE990fYJOxBxme9xQmwccZPLzk6CKriOhs9MC68sKxf\nhhjoZ9+6M5ZAgl5dA7kMh0sMqX2OfoX1sNOgrRp4zyBtbI7sX0MWZ7aByoS7tfZJ\nRjBXONDYUHLDeJxphZbe6hCP10OSAhGU7SQO6vvImU0UjYXUF4Lfa6aqHdai+NPq\nwHQUqw4Rn9yIy1C82C++VV1snwFJrZCcqp1aMJZoxoshnYpVAKv9QK6pHx0GgDJE\nRG+oPSaFOkvo2pL3w1sAAAADAQABAAACAARhRJs8yEF9wZcUWdYfvd8kqqoojXsw\nNJILLuOK8uvGXXWVbB+YiAFuqRa3wYx0tFsAqCbshbUllwOflTAsizo7szR5fmxx\nAEbEwaEb3UDlE8a5Q15waof/o2KZOmLtBhGjRndrzrnzzsGzdoWvlm4gzOHr2rXo\nzZwsUrjin9sPub79bdCEmVa78+L3lt+mX8IKE6uB7LRVWsZJpBz3iBqfa7Qf5ZJe\nVUJJug5Sn3Qsput/eMhYDR+/4Ie8GSOVB05cFC3VAxPk2+jJPCaf1BXANZfvW4KO\nIjaX95KzB+LPvZUXNIHgqgExNjACDrPcvnPJrL0XbrGsTTHjvLBm+FiTP6Uzh8lN\nCK+aluDi9NOhayQC8JovgtQ67qAtr87545LKvqYu3l6j6EEpzKrnT5yvF9flc1tz\nZe9Tr/lwFgliZkPnB6UqAYVr2c/BFrxqzTGdJb4HFaaxiNKrPHCt9vxBL1qB6TwX\ny4IX+V0RH0ASP0cbgx+5Bcm1nGdQuqHR60GGij4nfHlGZ0aNrMshSK8zbyvtL5ea\nzweWlpnQOX9H7kj6Gzo+DnA9olPM7cpW4COZH89qmiTEPbZIzhuDCsSHlPXllC4f\nc4cogIfWe+x1LocP2zUkKtox4B7Xy9rgLEisYxj2hK7lCT1VLxjb1Z9czobv7B4W\nPdv+E7vAD4I5AAABAQDplTkTxT/ghofqx0LJkAYc8DyPEudLfT9hXe88be657pQh\nGZ1kvJjcBmv2dmwSAbbCJY2cOGjzKIAcjZ0bNynCQ7i6ffu123S9x64y+PXbRBm8\nKvpgorhT4DrqegBZwg7yKIWS1alT+A/ZUTLY/kbYCDZVCgxplR1Rkb4goQkt89Bn\neIwsK1fiSEqaMoa0G71dE2oTHJ/VaAcaS5JY3T3QFdZTnXwxatSG05ZWSj41qSph\nUfbCVn+BPThhEIyHEh6WV7m0QyRwz+tcpNIoSt06LpGLq1WIATxXMnUwW66NS616\nJ9iRQ9Ci/OGrjr07Z+r3q/fv4FbuYG6zXl1KwJh7AAABAQDsFQKB3UP+ac86WPrj\nucpuXyYZctGaJIud6qjf0uasKfN27tK7sM7HA1VHGzFr8EtKYpRDvK/ZjSQDlChK\nsgKoValGE9H7DwWRtrF5dorHWp16Pvype/h5RUVSgvReV4eS7UHasxvaWhYRRZWh\nLgnlIpZBMpYdkVAJWBH90E1xpSgD5VJjiLbPuJRLVpMr2y4dVs5cW2kWT5jyaC6H\nRX09m7ziWZQxjtyjT8Edvxv4U97s+j5DZow8ttkMdeafb0gYzYSAWWutDOJD07QR\nQjLGKBLQ5hW8jtY5O/OReVlkdWUC+rnvkuHdxC8NWmVAUHEfGl43Twizs9/pP3f6\nA5EpAAABAQDvKP84kwf/ZywF9Q3535XUARUpB9V9T44+dVFxQz8BkgvcqoZld/tQ\nJ1oIOfnW0JgBaBd5ueUbkgoxP1Jje3/nxHnBYDLwyzO8phtXzsABTiy+Rg7L/p+M\ne8XcRvx/IJGcITCeo9bh80QTTFlRbhPKzBKEpKBgk7Tyzs8ZGCh55lmOEiUKhA+9\ngtAu0C8rR7NkbgVH1X8zecnFXBhzfmnTZdAqI7Q2j+wUXd7FYlf6zjrdUWBjqGHL\nOkUy9bPLD/nVRtbw3TyAQ3cTNkDYp2fsluaEmsvf7KHkvYM7vB95tqHRXjCvxqlV\nuFtn/AHEnp0BSTluuWMxCJQg0odSYyzjAAAAAAEC\n-----END OPENSSH PRIVATE KEY-----\n",
            "private_key_pem": "-----BEGIN RSA PRIVATE KEY-----\nMIIJKQIBAAKCAgEA3I1r/LuMZX9gcncualRhvD7nrHJoAFTs3wFD55PoifC0Kd98\nzqjiMYByWtfT+1Q/R04FOnP6bWvrY4wb4gyq4pRlItq0wEFxvk9YyCMVS00jduka\nZaZM/WDAalYmYtJ2vOVeQY2/ohWUT4IojHZvE9A0do5V6OQSrnTRIQPI3QELQQrg\n0C+SgXu+4Lh4Oner5TeCbRYrhUXyW4uifgMpPPsMZpjF7bBDyR51Cz8xoDrUqHLs\n+4qqGluEyrh544MTc3Af2OUiG7jB32B3kEXFGugrTTGOfTmvTQrAslNRTYXt3unK\n6IdNw9qBeCGT/39sMGmIXN/MSidQMPbFUEiICBIp7xOjTmoxfO2XM2r3nEzBe+Pk\nAhX7LiwCLO3ZyyOQqVWnGknixHDW5/gQj93Z9zPmAnFLF7ZabigZoELgAYSGxcE9\n90fYJOxBxme9xQmwccZPLzk6CKriOhs9MC68sKxfhhjoZ9+6M5ZAgl5dA7kMh0sM\nqX2OfoX1sNOgrRp4zyBtbI7sX0MWZ7aByoS7tfZJRjBXONDYUHLDeJxphZbe6hCP\n10OSAhGU7SQO6vvImU0UjYXUF4Lfa6aqHdai+NPqwHQUqw4Rn9yIy1C82C++VV1s\nnwFJrZCcqp1aMJZoxoshnYpVAKv9QK6pHx0GgDJERG+oPSaFOkvo2pL3w1sCAwEA\nAQKCAgAEYUSbPMhBfcGXFFnWH73fJKqqKI17MDSSCy7jivLrxl11lWwfmIgBbqkW\nt8GMdLRbAKgm7IW1JZcDn5UwLIs6O7M0eX5scQBGxMGhG91A5RPGuUNecGqH/6Ni\nmTpi7QYRo0Z3a865887Bs3aFr5ZuIMzh69q16M2cLFK44p/bD7m+/W3QhJlWu/Pi\n95bfpl/CChOrgey0VVrGSaQc94gan2u0H+WSXlVCSboOUp90LKbrf3jIWA0fv+CH\nvBkjlQdOXBQt1QMT5NvoyTwmn9QVwDWX71uCjiI2l/eSswfiz72VFzSB4KoBMTYw\nAg6z3L5zyay9F26xrE0x47ywZvhYkz+lM4fJTQivmpbg4vTToWskAvCaL4LUOu6g\nLa/O+eOSyr6mLt5eo+hBKcyq50+crxfX5XNbc2XvU6/5cBYJYmZD5welKgGFa9nP\nwRa8as0xnSW+BxWmsYjSqzxwrfb8QS9agek8F8uCF/ldER9AEj9HG4MfuQXJtZxn\nULqh0etBhoo+J3x5RmdGjazLIUivM28r7S+Xms8HlpaZ0Dl/R+5I+hs6Pg5wPaJT\nzO3KVuAjmR/PapokxD22SM4bgwrEh5T15ZQuH3OHKICH1nvsdS6HD9s1JCraMeAe\n18va4CxIrGMY9oSu5Qk9VS8Y29WfXM6G7+weFj3b/hO7wA+COQKCAQEA7BUCgd1D\n/mnPOlj647nKbl8mGXLRmiSLneqo39LmrCnzdu7Su7DOxwNVRxsxa/BLSmKUQ7yv\n2Y0kA5QoSrICqFWpRhPR+w8FkbaxeXaKx1qdej78qXv4eUVFUoL0XleHku1B2rMb\n2loWEUWVoS4J5SKWQTKWHZFQCVgR/dBNcaUoA+VSY4i2z7iUS1aTK9suHVbOXFtp\nFk+Y8mguh0V9PZu84lmUMY7co0/BHb8b+FPe7Po+Q2aMPLbZDHXmn29IGM2EgFlr\nrQziQ9O0EUIyxigS0OYVvI7WOTvzkXlZZHVlAvq575Lh3cQvDVplQFBxHxpeN08I\ns7Pf6T93+gORKQKCAQEA7yj/OJMH/2csBfUN+d+V1AEVKQfVfU+OPnVRcUM/AZIL\n3KqGZXf7UCdaCDn51tCYAWgXebnlG5IKMT9SY3t/58R5wWAy8MszvKYbV87AAU4s\nvkYOy/6fjHvF3Eb8fyCRnCEwnqPW4fNEE0xZUW4TyswShKSgYJO08s7PGRgoeeZZ\njhIlCoQPvYLQLtAvK0ezZG4FR9V/M3nJxVwYc35p02XQKiO0No/sFF3exWJX+s46\n3VFgY6hhyzpFMvWzyw/51UbW8N08gEN3EzZA2Kdn7JbmhJrL3+yh5L2DO7wfebah\n0V4wr8apVbhbZ/wBxJ6dAUk5brljMQiUINKHUmMs4wKCAQB0VO4FXCjzJuSMlegb\nayPLO2ukwqVyVWvPByDsGhq833cvNgP1pOxfuM6+2TGDRMd1AhqZPlNQ2nHSqaEp\nHYqdtIhTFdU053QRF3tgpP9BuO88m+kZAxOvfmjofcs46dzOk8cNo5CoChgxrp5K\n7ErH9EEiI3FBZKeR0yoabhibVYzgTpJIpcefmA7LCQBAbiLNJkdNz2V7LwHpAVlc\nIuvR/foXd5jEyucCOnyo0dFQjtOc5rrjr5aPHHLb5wUbr1RRlIQkUuvyPBUK4zkp\n//rRFlIfSiGP5rq9PUOKfceE7yw1SaNx4GkYRGIDLHYUOQ9lCjM/Ad0B4DMH1tSi\nCDvxAoIBAQC9BQT6XNLEXHGh37WFGN5dKeHkhOmJ2dfNq4GL6B8jCZ/QbwI7riF1\njzSMLe41hrWs3u026uKV8M2XcLmYIOLNdi7Y1EROpfulDQ+tTZ3ZKkUYuVw2hG7r\nZGPUHlKv0zjiUiUQLOPHvzG9oukw/7Qq4zF7nnWW/wbTpPpvlfVfqtx6+gJGlmuu\nV3ZcmXO+XDP/mykXRjj7oTUEhC5bEb1oNB7bP07OlN98lVhdXsW0V0yU4R0yhsGM\nEujgRussAdtuYke9JM4NfcTd7VJBKcZsajOU+JdLysWFePcAvkWON/ca97u5IWVy\nd3ve6oEnOklS2+HFjkZEWchhTKNhTTsLAoIBAQDplTkTxT/ghofqx0LJkAYc8DyP\nEudLfT9hXe88be657pQhGZ1kvJjcBmv2dmwSAbbCJY2cOGjzKIAcjZ0bNynCQ7i6\nffu123S9x64y+PXbRBm8KvpgorhT4DrqegBZwg7yKIWS1alT+A/ZUTLY/kbYCDZV\nCgxplR1Rkb4goQkt89BneIwsK1fiSEqaMoa0G71dE2oTHJ/VaAcaS5JY3T3QFdZT\nnXwxatSG05ZWSj41qSphUfbCVn+BPThhEIyHEh6WV7m0QyRwz+tcpNIoSt06LpGL\nq1WIATxXMnUwW66NS616J9iRQ9Ci/OGrjr07Z+r3q/fv4FbuYG6zXl1KwJh7\n-----END RSA PRIVATE KEY-----\n",
            "private_key_pem_pkcs8": "-----BEGIN PRIVATE KEY-----\nMIIJQwIBADANBgkqhkiG9w0BAQEFAASCCS0wggkpAgEAAoICAQDcjWv8u4xlf2By\ndy5qVGG8PuescmgAVOzfAUPnk+iJ8LQp33zOqOIxgHJa19P7VD9HTgU6c/pta+tj\njBviDKrilGUi2rTAQXG+T1jIIxVLTSN26Rplpkz9YMBqViZi0na85V5Bjb+iFZRP\ngiiMdm8T0DR2jlXo5BKudNEhA8jdAQtBCuDQL5KBe77guHg6d6vlN4JtFiuFRfJb\ni6J+Ayk8+wxmmMXtsEPJHnULPzGgOtSocuz7iqoaW4TKuHnjgxNzcB/Y5SIbuMHf\nYHeQRcUa6CtNMY59Oa9NCsCyU1FNhe3e6croh03D2oF4IZP/f2wwaYhc38xKJ1Aw\n9sVQSIgIEinvE6NOajF87ZczavecTMF74+QCFfsuLAIs7dnLI5CpVacaSeLEcNbn\n+BCP3dn3M+YCcUsXtlpuKBmgQuABhIbFwT33R9gk7EHGZ73FCbBxxk8vOToIquI6\nGz0wLrywrF+GGOhn37ozlkCCXl0DuQyHSwypfY5+hfWw06CtGnjPIG1sjuxfQxZn\ntoHKhLu19klGMFc40NhQcsN4nGmFlt7qEI/XQ5ICEZTtJA7q+8iZTRSNhdQXgt9r\npqod1qL40+rAdBSrDhGf3IjLULzYL75VXWyfAUmtkJyqnVowlmjGiyGdilUAq/1A\nrqkfHQaAMkREb6g9JoU6S+jakvfDWwIDAQABAoICAARhRJs8yEF9wZcUWdYfvd8k\nqqoojXswNJILLuOK8uvGXXWVbB+YiAFuqRa3wYx0tFsAqCbshbUllwOflTAsizo7\nszR5fmxxAEbEwaEb3UDlE8a5Q15waof/o2KZOmLtBhGjRndrzrnzzsGzdoWvlm4g\nzOHr2rXozZwsUrjin9sPub79bdCEmVa78+L3lt+mX8IKE6uB7LRVWsZJpBz3iBqf\na7Qf5ZJeVUJJug5Sn3Qsput/eMhYDR+/4Ie8GSOVB05cFC3VAxPk2+jJPCaf1BXA\nNZfvW4KOIjaX95KzB+LPvZUXNIHgqgExNjACDrPcvnPJrL0XbrGsTTHjvLBm+FiT\nP6Uzh8lNCK+aluDi9NOhayQC8JovgtQ67qAtr87545LKvqYu3l6j6EEpzKrnT5yv\nF9flc1tzZe9Tr/lwFgliZkPnB6UqAYVr2c/BFrxqzTGdJb4HFaaxiNKrPHCt9vxB\nL1qB6TwXy4IX+V0RH0ASP0cbgx+5Bcm1nGdQuqHR60GGij4nfHlGZ0aNrMshSK8z\nbyvtL5eazweWlpnQOX9H7kj6Gzo+DnA9olPM7cpW4COZH89qmiTEPbZIzhuDCsSH\nlPXllC4fc4cogIfWe+x1LocP2zUkKtox4B7Xy9rgLEisYxj2hK7lCT1VLxjb1Z9c\nzobv7B4WPdv+E7vAD4I5AoIBAQDsFQKB3UP+ac86WPrjucpuXyYZctGaJIud6qjf\n0uasKfN27tK7sM7HA1VHGzFr8EtKYpRDvK/ZjSQDlChKsgKoValGE9H7DwWRtrF5\ndorHWp16Pvype/h5RUVSgvReV4eS7UHasxvaWhYRRZWhLgnlIpZBMpYdkVAJWBH9\n0E1xpSgD5VJjiLbPuJRLVpMr2y4dVs5cW2kWT5jyaC6HRX09m7ziWZQxjtyjT8Ed\nvxv4U97s+j5DZow8ttkMdeafb0gYzYSAWWutDOJD07QRQjLGKBLQ5hW8jtY5O/OR\neVlkdWUC+rnvkuHdxC8NWmVAUHEfGl43Twizs9/pP3f6A5EpAoIBAQDvKP84kwf/\nZywF9Q3535XUARUpB9V9T44+dVFxQz8BkgvcqoZld/tQJ1oIOfnW0JgBaBd5ueUb\nkgoxP1Jje3/nxHnBYDLwyzO8phtXzsABTiy+Rg7L/p+Me8XcRvx/IJGcITCeo9bh\n80QTTFlRbhPKzBKEpKBgk7Tyzs8ZGCh55lmOEiUKhA+9gtAu0C8rR7NkbgVH1X8z\necnFXBhzfmnTZdAqI7Q2j+wUXd7FYlf6zjrdUWBjqGHLOkUy9bPLD/nVRtbw3TyA\nQ3cTNkDYp2fsluaEmsvf7KHkvYM7vB95tqHRXjCvxqlVuFtn/AHEnp0BSTluuWMx\nCJQg0odSYyzjAoIBAHRU7gVcKPMm5IyV6BtrI8s7a6TCpXJVa88HIOwaGrzfdy82\nA/Wk7F+4zr7ZMYNEx3UCGpk+U1DacdKpoSkdip20iFMV1TTndBEXe2Ck/0G47zyb\n6RkDE69+aOh9yzjp3M6Txw2jkKgKGDGunkrsSsf0QSIjcUFkp5HTKhpuGJtVjOBO\nkkilx5+YDssJAEBuIs0mR03PZXsvAekBWVwi69H9+hd3mMTK5wI6fKjR0VCO05zm\nuuOvlo8cctvnBRuvVFGUhCRS6/I8FQrjOSn/+tEWUh9KIY/mur09Q4p9x4TvLDVJ\no3HgaRhEYgMsdhQ5D2UKMz8B3QHgMwfW1KIIO/ECggEBAL0FBPpc0sRccaHftYUY\n3l0p4eSE6YnZ182rgYvoHyMJn9BvAjuuIXWPNIwt7jWGtaze7Tbq4pXwzZdwuZgg\n4s12LtjURE6l+6UND61NndkqRRi5XDaEbutkY9QeUq/TOOJSJRAs48e/Mb2i6TD/\ntCrjMXuedZb/BtOk+m+V9V+q3Hr6AkaWa65XdlyZc75cM/+bKRdGOPuhNQSELlsR\nvWg0Hts/Ts6U33yVWF1exbRXTJThHTKGwYwS6OBG6ywB225iR70kzg19xN3tUkEp\nxmxqM5T4l0vKxYV49wC+RY439xr3u7khZXJ3e97qgSc6SVLb4cWORkRZyGFMo2FN\nOwsCggEBAOmVORPFP+CGh+rHQsmQBhzwPI8S50t9P2Fd7zxt7rnulCEZnWS8mNwG\na/Z2bBIBtsIljZw4aPMogByNnRs3KcJDuLp9+7XbdL3HrjL49dtEGbwq+mCiuFPg\nOup6AFnCDvIohZLVqVP4D9lRMtj+RtgINlUKDGmVHVGRviChCS3z0Gd4jCwrV+JI\nSpoyhrQbvV0TahMcn9VoBxpLkljdPdAV1lOdfDFq1IbTllZKPjWpKmFR9sJWf4E9\nOGEQjIcSHpZXubRDJHDP61yk0ihK3ToukYurVYgBPFcydTBbro1LrXon2JFD0KL8\n4auOvTtn6ver9+/gVu5gbrNeXUrAmHs=\n-----END PRIVATE KEY-----\n",
            "public_key_fingerprint_md5": "77:67:ed:26:ba:dd:e3:da:eb:b6:b9:01:3c:5b:e9:60",
            "public_key_fingerprint_sha256": "SHA256:LlazI2dzW7XcAKck8E69w3udZj53u+gxCKixRf2LX74",
            "public_key_openssh": "ssh-rsa AAAAB3NzaC1yc2EAAAADAQABAAACAQDcjWv8u4xlf2Bydy5qVGG8PuescmgAVOzfAUPnk+iJ8LQp33zOqOIxgHJa19P7VD9HTgU6c/pta+tjjBviDKrilGUi2rTAQXG+T1jIIxVLTSN26Rplpkz9YMBqViZi0na85V5Bjb+iFZRPgiiMdm8T0DR2jlXo5BKudNEhA8jdAQtBCuDQL5KBe77guHg6d6vlN4JtFiuFRfJbi6J+Ayk8+wxmmMXtsEPJHnULPzGgOtSocuz7iqoaW4TKuHnjgxNzcB/Y5SIbuMHfYHeQRcUa6CtNMY59Oa9NCsCyU1FNhe3e6croh03D2oF4IZP/f2wwaYhc38xKJ1Aw9sVQSIgIEinvE6NOajF87ZczavecTMF74+QCFfsuLAIs7dnLI5CpVacaSeLEcNbn+BCP3dn3M+YCcUsXtlpuKBmgQuABhIbFwT33R9gk7EHGZ73FCbBxxk8vOToIquI6Gz0wLrywrF+GGOhn37ozlkCCXl0DuQyHSwypfY5+hfWw06CtGnjPIG1sjuxfQxZntoHKhLu19klGMFc40NhQcsN4nGmFlt7qEI/XQ5ICEZTtJA7q+8iZTRSNhdQXgt9rpqod1qL40+rAdBSrDhGf3IjLULzYL75VXWyfAUmtkJyqnVowlmjGiyGdilUAq/1ArqkfHQaAMkREb6g9JoU6S+jakvfDWw==\n",
            "public_key_pem": "-----BEGIN PUBLIC KEY-----\nMIICIjANBgkqhkiG9w0BAQEFAAOCAg8AMIICCgKCAgEA3I1r/LuMZX9gcncualRh\nvD7nrHJoAFTs3wFD55PoifC0Kd98zqjiMYByWtfT+1Q/R04FOnP6bWvrY4wb4gyq\n4pRlItq0wEFxvk9YyCMVS00jdukaZaZM/WDAalYmYtJ2vOVeQY2/ohWUT4IojHZv\nE9A0do5V6OQSrnTRIQPI3QELQQrg0C+SgXu+4Lh4Oner5TeCbRYrhUXyW4uifgMp\nPPsMZpjF7bBDyR51Cz8xoDrUqHLs+4qqGluEyrh544MTc3Af2OUiG7jB32B3kEXF\nGugrTTGOfTmvTQrAslNRTYXt3unK6IdNw9qBeCGT/39sMGmIXN/MSidQMPbFUEiI\nCBIp7xOjTmoxfO2XM2r3nEzBe+PkAhX7LiwCLO3ZyyOQqVWnGknixHDW5/gQj93Z\n9zPmAnFLF7ZabigZoELgAYSGxcE990fYJOxBxme9xQmwccZPLzk6CKriOhs9MC68\nsKxfhhjoZ9+6M5ZAgl5dA7kMh0sMqX2OfoX1sNOgrRp4zyBtbI7sX0MWZ7aByoS7\ntfZJRjBXONDYUHLDeJxphZbe6hCP10OSAhGU7SQO6vvImU0UjYXUF4Lfa6aqHdai\n+NPqwHQUqw4Rn9yIy1C82C++VV1snwFJrZCcqp1aMJZoxoshnYpVAKv9QK6pHx0G\ngDJERG+oPSaFOkvo2pL3w1sCAwEAAQ==\n-----END PUBLIC KEY-----\n",
            "rsa_bits": 4096
          },
          "sensitive_attributes": [
            [
              {
                "type": "get_attr",
                "value": "private_key_openssh"
              }
            ],
            [
              {
                "type": "get_attr",
                "value": "private_key_pem"
              }
            ],
            [
              {
                "type": "get_attr",
                "value": "private_key_pem_pkcs8"
              }
            ]
          ],
          "identity_schema_version": 0
        }
      ]
    }
  ],
  "check_results": null
}
